// !$*UTF8*$!
{
	archiveVersion = 1;
	classes = {
	};
	objectVersion = 77;
	objects = {

/* Begin PBXContainerItemProxy section */
		25C26A602E405EF50093EB95 /* PBXContainerItemProxy */ = {
			isa = PBXContainerItemProxy;
			containerPortal = 25C26A482E405EF30093EB95 /* Project object */;
			proxyType = 1;
			remoteGlobalIDString = 25C26A4F2E405EF30093EB95;
			remoteInfo = "Kintai Diff";
		};
		25C26A6A2E405EF50093EB95 /* PBXContainerItemProxy */ = {
			isa = PBXContainerItemProxy;
			containerPortal = 25C26A482E405EF30093EB95 /* Project object */;
			proxyType = 1;
			remoteGlobalIDString = 25C26A4F2E405EF30093EB95;
			remoteInfo = "Kintai Diff";
		};
/* End PBXContainerItemProxy section */

/* Begin PBXFileReference section */
		25C26A502E405EF30093EB95 /* Kintai Diff.app */ = {isa = PBXFileReference; explicitFileType = wrapper.application; includeInIndex = 0; path = "Kintai Diff.app"; sourceTree = BUILT_PRODUCTS_DIR; };
		25C26A5F2E405EF50093EB95 /* Kintai DiffTests.xctest */ = {isa = PBXFileReference; explicitFileType = wrapper.cfbundle; includeInIndex = 0; path = "Kintai DiffTests.xctest"; sourceTree = BUILT_PRODUCTS_DIR; };
		25C26A692E405EF50093EB95 /* Kintai DiffUITests.xctest */ = {isa = PBXFileReference; explicitFileType = wrapper.cfbundle; includeInIndex = 0; path = "Kintai DiffUITests.xctest"; sourceTree = BUILT_PRODUCTS_DIR; };
/* End PBXFileReference section */

/* Begin PBXFileSystemSynchronizedRootGroup section */
		25C26A522E405EF30093EB95 /* Kintai Diff */ = {
			isa = PBXFileSystemSynchronizedRootGroup;
			path = "Kintai Diff";
			sourceTree = "<group>";
		};
		25C26A622E405EF50093EB95 /* Kintai DiffTests */ = {
			isa = PBXFileSystemSynchronizedRootGroup;
			path = "Kintai DiffTests";
			sourceTree = "<group>";
		};
		25C26A6C2E405EF50093EB95 /* Kintai DiffUITests */ = {
			isa = PBXFileSystemSynchronizedRootGroup;
			path = "Kintai DiffUITests";
			sourceTree = "<group>";
		};
/* End PBXFileSystemSynchronizedRootGroup section */

/* Begin PBXFrameworksBuildPhase section */
		25C26A4D2E405EF30093EB95 /* Frameworks */ = {
			isa = PBXFrameworksBuildPhase;
			buildActionMask = 2147483647;
			files = (
			);
			runOnlyForDeploymentPostprocessing = 0;
		};
		25C26A5C2E405EF50093EB95 /* Frameworks */ = {
			isa = PBXFrameworksBuildPhase;
			buildActionMask = 2147483647;
			files = (
			);
			runOnlyForDeploymentPostprocessing = 0;
		};
		25C26A662E405EF50093EB95 /* Frameworks */ = {
			isa = PBXFrameworksBuildPhase;
			buildActionMask = 2147483647;
			files = (
			);
			runOnlyForDeploymentPostprocessing = 0;
		};
/* End PBXFrameworksBuildPhase section */

/* Begin PBXGroup section */
		25C26A472E405EF30093EB95 = {
			isa = PBXGroup;
			children = (
				25C26A522E405EF30093EB95 /* Kintai Diff */,
				25C26A622E405EF50093EB95 /* Kintai DiffTests */,
				25C26A6C2E405EF50093EB95 /* Kintai DiffUITests */,
				25C26A512E405EF30093EB95 /* Products */,
			);
			sourceTree = "<group>";
		};
		25C26A512E405EF30093EB95 /* Products */ = {
			isa = PBXGroup;
			children = (
				25C26A502E405EF30093EB95 /* Kintai Diff.app */,
				25C26A5F2E405EF50093EB95 /* Kintai DiffTests.xctest */,
				25C26A692E405EF50093EB95 /* Kintai DiffUITests.xctest */,
			);
			name = Products;
			sourceTree = "<group>";
		};
/* End PBXGroup section */

/* Begin PBXNativeTarget section */
		25C26A4F2E405EF30093EB95 /* Kintai Diff */ = {
			isa = PBXNativeTarget;
			buildConfigurationList = 25C26A732E405EF50093EB95 /* Build configuration list for PBXNativeTarget "Kintai Diff" */;
			buildPhases = (
				25C26A4C2E405EF30093EB95 /* Sources */,
				25C26A4D2E405EF30093EB95 /* Frameworks */,
				25C26A4E2E405EF30093EB95 /* Resources */,
			);
			buildRules = (
			);
			dependencies = (
			);
			fileSystemSynchronizedGroups = (
				25C26A522E405EF30093EB95 /* Kintai Diff */,
			);
			name = "Kintai Diff";
			packageProductDependencies = (
			);
			productName = "Kintai Diff";
			productReference = 25C26A502E405EF30093EB95 /* Kintai Diff.app */;
			productType = "com.apple.product-type.application";
		};
		25C26A5E2E405EF50093EB95 /* Kintai DiffTests */ = {
			isa = PBXNativeTarget;
			buildConfigurationList = 25C26A762E405EF50093EB95 /* Build configuration list for PBXNativeTarget "Kintai DiffTests" */;
			buildPhases = (
				25C26A5B2E405EF50093EB95 /* Sources */,
				25C26A5C2E405EF50093EB95 /* Frameworks */,
				25C26A5D2E405EF50093EB95 /* Resources */,
			);
			buildRules = (
			);
			dependencies = (
				25C26A612E405EF50093EB95 /* PBXTargetDependency */,
			);
			fileSystemSynchronizedGroups = (
				25C26A622E405EF50093EB95 /* Kintai DiffTests */,
			);
			name = "Kintai DiffTests";
			packageProductDependencies = (
			);
			productName = "Kintai DiffTests";
			productReference = 25C26A5F2E405EF50093EB95 /* Kintai DiffTests.xctest */;
			productType = "com.apple.product-type.bundle.unit-test";
		};
		25C26A682E405EF50093EB95 /* Kintai DiffUITests */ = {
			isa = PBXNativeTarget;
			buildConfigurationList = 25C26A792E405EF50093EB95 /* Build configuration list for PBXNativeTarget "Kintai DiffUITests" */;
			buildPhases = (
				25C26A652E405EF50093EB95 /* Sources */,
				25C26A662E405EF50093EB95 /* Frameworks */,
				25C26A672E405EF50093EB95 /* Resources */,
			);
			buildRules = (
			);
			dependencies = (
				25C26A6B2E405EF50093EB95 /* PBXTargetDependency */,
			);
			fileSystemSynchronizedGroups = (
				25C26A6C2E405EF50093EB95 /* Kintai DiffUITests */,
			);
			name = "Kintai DiffUITests";
			packageProductDependencies = (
			);
			productName = "Kintai DiffUITests";
			productReference = 25C26A692E405EF50093EB95 /* Kintai DiffUITests.xctest */;
			productType = "com.apple.product-type.bundle.ui-testing";
		};
/* End PBXNativeTarget section */

/* Begin PBXProject section */
		25C26A482E405EF30093EB95 /* Project object */ = {
			isa = PBXProject;
			attributes = {
				BuildIndependentTargetsInParallel = 1;
				LastSwiftUpdateCheck = 1640;
				LastUpgradeCheck = 1640;
				TargetAttributes = {
					25C26A4F2E405EF30093EB95 = {
						CreatedOnToolsVersion = 16.4;
					};
					25C26A5E2E405EF50093EB95 = {
						CreatedOnToolsVersion = 16.4;
						TestTargetID = 25C26A4F2E405EF30093EB95;
					};
					25C26A682E405EF50093EB95 = {
						CreatedOnToolsVersion = 16.4;
						TestTargetID = 25C26A4F2E405EF30093EB95;
					};
				};
			};
			buildConfigurationList = 25C26A4B2E405EF30093EB95 /* Build configuration list for PBXProject "Kintai Diff" */;
			developmentRegion = en;
			hasScannedForEncodings = 0;
			knownRegions = (
				en,
				Base,
			);
			mainGroup = 25C26A472E405EF30093EB95;
			minimizedProjectReferenceProxies = 1;
			preferredProjectObjectVersion = 77;
			productRefGroup = 25C26A512E405EF30093EB95 /* Products */;
			projectDirPath = "";
			projectRoot = "";
			targets = (
				25C26A4F2E405EF30093EB95 /* Kintai Diff */,
				25C26A5E2E405EF50093EB95 /* Kintai DiffTests */,
				25C26A682E405EF50093EB95 /* Kintai DiffUITests */,
			);
		};
/* End PBXProject section */

/* Begin PBXResourcesBuildPhase section */
		25C26A4E2E405EF30093EB95 /* Resources */ = {
			isa = PBXResourcesBuildPhase;
			buildActionMask = 2147483647;
			files = (
			);
			runOnlyForDeploymentPostprocessing = 0;
		};
		25C26A5D2E405EF50093EB95 /* Resources */ = {
			isa = PBXResourcesBuildPhase;
			buildActionMask = 2147483647;
			files = (
			);
			runOnlyForDeploymentPostprocessing = 0;
		};
		25C26A672E405EF50093EB95 /* Resources */ = {
			isa = PBXResourcesBuildPhase;
			buildActionMask = 2147483647;
			files = (
			);
			runOnlyForDeploymentPostprocessing = 0;
		};
/* End PBXResourcesBuildPhase section */

/* Begin PBXSourcesBuildPhase section */
		25C26A4C2E405EF30093EB95 /* Sources */ = {
			isa = PBXSourcesBuildPhase;
			buildActionMask = 2147483647;
			files = (
			);
			runOnlyForDeploymentPostprocessing = 0;
		};
		25C26A5B2E405EF50093EB95 /* Sources */ = {
			isa = PBXSourcesBuildPhase;
			buildActionMask = 2147483647;
			files = (
			);
			runOnlyForDeploymentPostprocessing = 0;
		};
		25C26A652E405EF50093EB95 /* Sources */ = {
			isa = PBXSourcesBuildPhase;
			buildActionMask = 2147483647;
			files = (
			);
			runOnlyForDeploymentPostprocessing = 0;
		};
/* End PBXSourcesBuildPhase section */

/* Begin PBXTargetDependency section */
		25C26A612E405EF50093EB95 /* PBXTargetDependency */ = {
			isa = PBXTargetDependency;
			target = 25C26A4F2E405EF30093EB95 /* Kintai Diff */;
			targetProxy = 25C26A602E405EF50093EB95 /* PBXContainerItemProxy */;
		};
		25C26A6B2E405EF50093EB95 /* PBXTargetDependency */ = {
			isa = PBXTargetDependency;
			target = 25C26A4F2E405EF30093EB95 /* Kintai Diff */;
			targetProxy = 25C26A6A2E405EF50093EB95 /* PBXContainerItemProxy */;
		};
/* End PBXTargetDependency section */

/* Begin XCBuildConfiguration section */
		25C26A712E405EF50093EB95 /* Debug */ = {
			isa = XCBuildConfiguration;
			buildSettings = {
				ALWAYS_SEARCH_USER_PATHS = NO;
				ASSETCATALOG_COMPILER_GENERATE_SWIFT_ASSET_SYMBOL_EXTENSIONS = YES;
				CLANG_ANALYZER_NONNULL = YES;
				CLANG_ANALYZER_NUMBER_OBJECT_CONVERSION = YES_AGGRESSIVE;
				CLANG_CXX_LANGUAGE_STANDARD = "gnu++20";
				CLANG_ENABLE_MODULES = YES;
				CLANG_ENABLE_OBJC_ARC = YES;
				CLANG_ENABLE_OBJC_WEAK = YES;
				CLANG_WARN_BLOCK_CAPTURE_AUTORELEASING = YES;
				CLANG_WARN_BOOL_CONVERSION = YES;
				CLANG_WARN_COMMA = YES;
				CLANG_WARN_CONSTANT_CONVERSION = YES;
				CLANG_WARN_DEPRECATED_OBJC_IMPLEMENTATIONS = YES;
				CLANG_WARN_DIRECT_OBJC_ISA_USAGE = YES_ERROR;
				CLANG_WARN_DOCUMENTATION_COMMENTS = YES;
				CLANG_WARN_EMPTY_BODY = YES;
				CLANG_WARN_ENUM_CONVERSION = YES;
				CLANG_WARN_INFINITE_RECURSION = YES;
				CLANG_WARN_INT_CONVERSION = YES;
				CLANG_WARN_NON_LITERAL_NULL_CONVERSION = YES;
				CLANG_WARN_OBJC_IMPLICIT_RETAIN_SELF = YES;
				CLANG_WARN_OBJC_LITERAL_CONVERSION = YES;
				CLANG_WARN_OBJC_ROOT_CLASS = YES_ERROR;
				CLANG_WARN_QUOTED_INCLUDE_IN_FRAMEWORK_HEADER = YES;
				CLANG_WARN_RANGE_LOOP_ANALYSIS = YES;
				CLANG_WARN_STRICT_PROTOTYPES = YES;
				CLANG_WARN_SUSPICIOUS_MOVE = YES;
				CLANG_WARN_UNGUARDED_AVAILABILITY = YES_AGGRESSIVE;
				CLANG_WARN_UNREACHABLE_CODE = YES;
				CLANG_WARN__DUPLICATE_METHOD_MATCH = YES;
				COPY_PHASE_STRIP = NO;
				DEBUG_INFORMATION_FORMAT = dwarf;
				ENABLE_STRICT_OBJC_MSGSEND = YES;
				ENABLE_TESTABILITY = YES;
				ENABLE_USER_SCRIPT_SANDBOXING = YES;
				GCC_C_LANGUAGE_STANDARD = gnu17;
				GCC_DYNAMIC_NO_PIC = NO;
				GCC_NO_COMMON_BLOCKS = YES;
				GCC_OPTIMIZATION_LEVEL = 0;
				GCC_PREPROCESSOR_DEFINITIONS = (
					"DEBUG=1",
					"$(inherited)",
				);
				GCC_WARN_64_TO_32_BIT_CONVERSION = YES;
				GCC_WARN_ABOUT_RETURN_TYPE = YES_ERROR;
				GCC_WARN_UNDECLARED_SELECTOR = YES;
				GCC_WARN_UNINITIALIZED_AUTOS = YES_AGGRESSIVE;
				GCC_WARN_UNUSED_FUNCTION = YES;
				GCC_WARN_UNUSED_VARIABLE = YES;
				IPHONEOS_DEPLOYMENT_TARGET = 18.5;
				LOCALIZATION_PREFERS_STRING_CATALOGS = YES;
				MTL_ENABLE_DEBUG_INFO = INCLUDE_SOURCE;
				MTL_FAST_MATH = YES;
				ONLY_ACTIVE_ARCH = YES;
				SDKROOT = iphoneos;
				SWIFT_ACTIVE_COMPILATION_CONDITIONS = "DEBUG $(inherited)";
				SWIFT_OPTIMIZATION_LEVEL = "-Onone";
			};
			name = Debug;
		};
		25C26A722E405EF50093EB95 /* Release */ = {
			isa = XCBuildConfiguration;
			buildSettings = {
				ALWAYS_SEARCH_USER_PATHS = NO;
				ASSETCATALOG_COMPILER_GENERATE_SWIFT_ASSET_SYMBOL_EXTENSIONS = YES;
				CLANG_ANALYZER_NONNULL = YES;
				CLANG_ANALYZER_NUMBER_OBJECT_CONVERSION = YES_AGGRESSIVE;
				CLANG_CXX_LANGUAGE_STANDARD = "gnu++20";
				CLANG_ENABLE_MODULES = YES;
				CLANG_ENABLE_OBJC_ARC = YES;
				CLANG_ENABLE_OBJC_WEAK = YES;
				CLANG_WARN_BLOCK_CAPTURE_AUTORELEASING = YES;
				CLANG_WARN_BOOL_CONVERSION = YES;
				CLANG_WARN_COMMA = YES;
				CLANG_WARN_CONSTANT_CONVERSION = YES;
				CLANG_WARN_DEPRECATED_OBJC_IMPLEMENTATIONS = YES;
				CLANG_WARN_DIRECT_OBJC_ISA_USAGE = YES_ERROR;
				CLANG_WARN_DOCUMENTATION_COMMENTS = YES;
				CLANG_WARN_EMPTY_BODY = YES;
				CLANG_WARN_ENUM_CONVERSION = YES;
				CLANG_WARN_INFINITE_RECURSION = YES;
				CLANG_WARN_INT_CONVERSION = YES;
				CLANG_WARN_NON_LITERAL_NULL_CONVERSION = YES;
				CLANG_WARN_OBJC_IMPLICIT_RETAIN_SELF = YES;
				CLANG_WARN_OBJC_LITERAL_CONVERSION = YES;
				CLANG_WARN_OBJC_ROOT_CLASS = YES_ERROR;
				CLANG_WARN_QUOTED_INCLUDE_IN_FRAMEWORK_HEADER = YES;
				CLANG_WARN_RANGE_LOOP_ANALYSIS = YES;
				CLANG_WARN_STRICT_PROTOTYPES = YES;
				CLANG_WARN_SUSPICIOUS_MOVE = YES;
				CLANG_WARN_UNGUARDED_AVAILABILITY = YES_AGGRESSIVE;
				CLANG_WARN_UNREACHABLE_CODE = YES;
				CLANG_WARN__DUPLICATE_METHOD_MATCH = YES;
				COPY_PHASE_STRIP = NO;
				DEBUG_INFORMATION_FORMAT = "dwarf-with-dsym";
				ENABLE_NS_ASSERTIONS = NO;
				ENABLE_STRICT_OBJC_MSGSEND = YES;
				ENABLE_USER_SCRIPT_SANDBOXING = YES;
				GCC_C_LANGUAGE_STANDARD = gnu17;
				GCC_NO_COMMON_BLOCKS = YES;
				GCC_WARN_64_TO_32_BIT_CONVERSION = YES;
				GCC_WARN_ABOUT_RETURN_TYPE = YES_ERROR;
				GCC_WARN_UNDECLARED_SELECTOR = YES;
				GCC_WARN_UNINITIALIZED_AUTOS = YES_AGGRESSIVE;
				GCC_WARN_UNUSED_FUNCTION = YES;
				GCC_WARN_UNUSED_VARIABLE = YES;
				IPHONEOS_DEPLOYMENT_TARGET = 18.5;
				LOCALIZATION_PREFERS_STRING_CATALOGS = YES;
				MTL_ENABLE_DEBUG_INFO = NO;
				MTL_FAST_MATH = YES;
				SDKROOT = iphoneos;
				SWIFT_COMPILATION_MODE = wholemodule;
				VALIDATE_PRODUCT = YES;
			};
			name = Release;
		};
		25C26A742E405EF50093EB95 /* Debug */ = {
			isa = XCBuildConfiguration;
			buildSettings = {
				ASSETCATALOG_COMPILER_APPICON_NAME = AppIcon;
				ASSETCATALOG_COMPILER_GLOBAL_ACCENT_COLOR_NAME = AccentColor;
				CODE_SIGN_STYLE = Automatic;
				CURRENT_PROJECT_VERSION = 1;
				ENABLE_PREVIEWS = YES;
				GENERATE_INFOPLIST_FILE = YES;
				INFOPLIST_KEY_UIApplicationSceneManifest_Generation = YES;
				INFOPLIST_KEY_UIApplicationSupportsIndirectInputEvents = YES;
				INFOPLIST_KEY_UILaunchScreen_Generation = YES;
				INFOPLIST_KEY_UISupportedInterfaceOrientations_iPad = "UIInterfaceOrientationPortrait UIInterfaceOrientationPortraitUpsideDown UIInterfaceOrientationLandscapeLeft UIInterfaceOrientationLandscapeRight";
				INFOPLIST_KEY_UISupportedInterfaceOrientations_iPhone = "UIInterfaceOrientationPortrait UIInterfaceOrientationLandscapeLeft UIInterfaceOrientationLandscapeRight";
				LD_RUNPATH_SEARCH_PATHS = (
					"$(inherited)",
					"@executable_path/Frameworks",
				);
				MARKETING_VERSION = 1.0;
				PRODUCT_BUNDLE_IDENTIFIER = "com.valeroni.Kintai-Diff";
				PRODUCT_NAME = "$(TARGET_NAME)";
				SWIFT_EMIT_LOC_STRINGS = YES;
				SWIFT_VERSION = 5.0;
				TARGETED_DEVICE_FAMILY = "1,2";
			};
			name = Debug;
		};
		25C26A752E405EF50093EB95 /* Release */ = {
			isa = XCBuildConfiguration;
			buildSettings = {
				ASSETCATALOG_COMPILER_APPICON_NAME = AppIcon;
				ASSETCATALOG_COMPILER_GLOBAL_ACCENT_COLOR_NAME = AccentColor;
				CODE_SIGN_STYLE = Automatic;
				CURRENT_PROJECT_VERSION = 1;
				ENABLE_PREVIEWS = YES;
				GENERATE_INFOPLIST_FILE = YES;
				INFOPLIST_KEY_UIApplicationSceneManifest_Generation = YES;
				INFOPLIST_KEY_UIApplicationSupportsIndirectInputEvents = YES;
				INFOPLIST_KEY_UILaunchScreen_Generation = YES;
				INFOPLIST_KEY_UISupportedInterfaceOrientations_iPad = "UIInterfaceOrientationPortrait UIInterfaceOrientationPortraitUpsideDown UIInterfaceOrientationLandscapeLeft UIInterfaceOrientationLandscapeRight";
				INFOPLIST_KEY_UISupportedInterfaceOrientations_iPhone = "UIInterfaceOrientationPortrait UIInterfaceOrientationLandscapeLeft UIInterfaceOrientationLandscapeRight";
				LD_RUNPATH_SEARCH_PATHS = (
					"$(inherited)",
					"@executable_path/Frameworks",
				);
				MARKETING_VERSION = 1.0;
				PRODUCT_BUNDLE_IDENTIFIER = "com.valeroni.Kintai-Diff";
				PRODUCT_NAME = "$(TARGET_NAME)";
				SWIFT_EMIT_LOC_STRINGS = YES;
				SWIFT_VERSION = 5.0;
				TARGETED_DEVICE_FAMILY = "1,2";
			};
			name = Release;
		};
		25C26A772E405EF50093EB95 /* Debug */ = {
			isa = XCBuildConfiguration;
			buildSettings = {
				BUNDLE_LOADER = "$(TEST_HOST)";
				CODE_SIGN_STYLE = Automatic;
				CURRENT_PROJECT_VERSION = 1;
				GENERATE_INFOPLIST_FILE = YES;
				IPHONEOS_DEPLOYMENT_TARGET = 18.5;
				MARKETING_VERSION = 1.0;
				PRODUCT_BUNDLE_IDENTIFIER = "com.valeroni.Kintai-DiffTests";
				PRODUCT_NAME = "$(TARGET_NAME)";
				SWIFT_EMIT_LOC_STRINGS = NO;
				SWIFT_VERSION = 5.0;
				TARGETED_DEVICE_FAMILY = "1,2";
				TEST_HOST = "$(BUILT_PRODUCTS_DIR)/Kintai Diff.app/$(BUNDLE_EXECUTABLE_FOLDER_PATH)/Kintai Diff";
			};
			name = Debug;
		};
		25C26A782E405EF50093EB95 /* Release */ = {
			isa = XCBuildConfiguration;
			buildSettings = {
				BUNDLE_LOADER = "$(TEST_HOST)";
				CODE_SIGN_STYLE = Automatic;
				CURRENT_PROJECT_VERSION = 1;
				GENERATE_INFOPLIST_FILE = YES;
				IPHONEOS_DEPLOYMENT_TARGET = 18.5;
				MARKETING_VERSION = 1.0;
				PRODUCT_BUNDLE_IDENTIFIER = "com.valeroni.Kintai-DiffTests";
				PRODUCT_NAME = "$(TARGET_NAME)";
				SWIFT_EMIT_LOC_STRINGS = NO;
				SWIFT_VERSION = 5.0;
				TARGETED_DEVICE_FAMILY = "1,2";
				TEST_HOST = "$(BUILT_PRODUCTS_DIR)/Kintai Diff.app/$(BUNDLE_EXECUTABLE_FOLDER_PATH)/Kintai Diff";
			};
			name = Release;
		};
		25C26A7A2E405EF50093EB95 /* Debug */ = {
			isa = XCBuildConfiguration;
			buildSettings = {
				CODE_SIGN_STYLE = Automatic;
				CURRENT_PROJECT_VERSION = 1;
				GENERATE_INFOPLIST_FILE = YES;
				MARKETING_VERSION = 1.0;
				PRODUCT_BUNDLE_IDENTIFIER = "com.valeroni.Kintai-DiffUITests";
				PRODUCT_NAME = "$(TARGET_NAME)";
				SWIFT_EMIT_LOC_STRINGS = NO;
				SWIFT_VERSION = 5.0;
				TARGETED_DEVICE_FAMILY = "1,2";
				TEST_TARGET_NAME = "Kintai Diff";
			};
			name = Debug;
		};
		25C26A7B2E405EF50093EB95 /* Release */ = {
			isa = XCBuildConfiguration;
			buildSettings = {
				CODE_SIGN_STYLE = Automatic;
				CURRENT_PROJECT_VERSION = 1;
				GENERATE_INFOPLIST_FILE = YES;
				MARKETING_VERSION = 1.0;
				PRODUCT_BUNDLE_IDENTIFIER = "com.valeroni.Kintai-DiffUITests";
				PRODUCT_NAME = "$(TARGET_NAME)";
				SWIFT_EMIT_LOC_STRINGS = NO;
				SWIFT_VERSION = 5.0;
				TARGETED_DEVICE_FAMILY = "1,2";
				TEST_TARGET_NAME = "Kintai Diff";
			};
			name = Release;
		};
/* End XCBuildConfiguration section */

/* Begin XCConfigurationList section */
		25C26A4B2E405EF30093EB95 /* Build configuration list for PBXProject "Kintai Diff" */ = {
			isa = XCConfigurationList;
			buildConfigurations = (
				25C26A712E405EF50093EB95 /* Debug */,
				25C26A722E405EF50093EB95 /* Release */,
			);
			defaultConfigurationIsVisible = 0;
			defaultConfigurationName = Release;
		};
		25C26A732E405EF50093EB95 /* Build configuration list for PBXNativeTarget "Kintai Diff" */ = {
			isa = XCConfigurationList;
			buildConfigurations = (
				25C26A742E405EF50093EB95 /* Debug */,
				25C26A752E405EF50093EB95 /* Release */,
			);
			defaultConfigurationIsVisible = 0;
			defaultConfigurationName = Release;
		};
		25C26A762E405EF50093EB95 /* Build configuration list for PBXNativeTarget "Kintai DiffTests" */ = {
			isa = XCConfigurationList;
			buildConfigurations = (
				25C26A772E405EF50093EB95 /* Debug */,
				25C26A782E405EF50093EB95 /* Release */,
			);
			defaultConfigurationIsVisible = 0;
			defaultConfigurationName = Release;
		};
		25C26A792E405EF50093EB95 /* Build configuration list for PBXNativeTarget "Kintai DiffUITests" */ = {
			isa = XCConfigurationList;
			buildConfigurations = (
				25C26A7A2E405EF50093EB95 /* Debug */,
				25C26A7B2E405EF50093EB95 /* Release */,
			);
			defaultConfigurationIsVisible = 0;
			defaultConfigurationName = Release;
		};
/* End XCConfigurationList section */
	};
	rootObject = 25C26A482E405EF30093EB95 /* Project object */;
}
